<?xml version="1.0" encoding="utf-8"?>
<Project ToolsVersion="4.0" xmlns="http://schemas.microsoft.com/developer/msbuild/2003">
  <ItemGroup>
    <ClCompile Include="AudioMixer.cpp" />
    <ClCompile Include="Camera.cpp" />
    <ClCompile Include="Enemy.cpp" />
    <ClCompile Include="Game.cpp" />
    <ClCompile Include="GameScene.cpp" />
    <ClCompile Include="GameOver.cpp" />
    <ClCompile Include="LoadingScene.cpp" />
    <ClCompile Include="HealthUI.cpp" />
    <ClCompile Include="InventoryUI.cpp" />
    <ClCompile Include="main.cpp" />
    <ClCompile Include="Manager.cpp" />
    <ClCompile Include="MapGenerator.cpp" />
    <ClCompile Include="MapManager.cpp" />
    <ClCompile Include="MenuScene.cpp" />
    <ClCompile Include="MenuSceneUI.cpp" />
    <ClCompile Include="Physics.cpp" />
    <ClCompile Include="Player.cpp" />
    <ClCompile Include="AssetManager.cpp" />
    <ClCompile Include="Item.cpp" />
    <ClCompile Include="SceneManager.cpp" />
    <ClCompile Include="ScoreUI.cpp" />
    <ClCompile Include="Ship.cpp" />
    <ClCompile Include="ShipDropzone.cpp" />
    <ClCompile Include="ShipWall.cpp" />
    <ClCompile Include="Projectile.cpp" />
    <ClCompile Include="SoundFX.cpp" />
    <ClCompile Include="TextureManager.cpp" />
    <ClCompile Include="UIManager.cpp" />
    <ClCompile Include="Vector2D.cpp" />
    <ClCompile Include="Wall.cpp" />
    <ClCompile Include="WinGame.cpp" />
    <ClCompile Include="EnemyManager.cpp" />
    <ClCompile Include="Pathfinder.cpp" />
    <ClCompile Include="OpenCLManager.cpp" />
  </ItemGroup>
  <ItemGroup>
    <ClInclude Include="Animation.h" />
    <ClInclude Include="AssetManager.h" />
    <ClInclude Include="AudioMixer.h" />
    <ClInclude Include="Camera.h" />
    <ClInclude Include="ColliderComponent.h" />
    <ClInclude Include="CombatComponent.h" />
    <ClInclude Include="Component.h" />
    <ClInclude Include="Constants.h" />
    <ClInclude Include="ECS.h" />
    <ClInclude Include="Enemy.h" />
    <ClInclude Include="EnemyState.h" />
    <ClInclude Include="Entity.h" />
    <ClInclude Include="Game.h" />
    <ClInclude Include="GameObject.h" />
    <ClInclude Include="GameScene.h" />
    <ClInclude Include="GameOver.h" />
    <ClInclude Include="HealthComponent.h" />
    <ClInclude Include="HealthUI.h" />
    <ClInclude Include="InputComponent.h" />
    <ClInclude Include="InventoryComponent.h" />
    <ClInclude Include="InventoryUI.h" />
    <ClInclude Include="Item.h" />
    <ClInclude Include="LoadingScene.h" />
    <ClInclude Include="Manager.h" />
    <ClInclude Include="MapData.h" />
    <ClInclude Include="MapGenerator.h" />
    <ClInclude Include="MapManager.h" />
    <ClInclude Include="MenuScene.h" />
    <ClInclude Include="MenuSceneUI.h" />
    <ClInclude Include="MouseController.h" />
    <ClInclude Include="Physics.h" />
    <ClInclude Include="Player.h" />
    <ClInclude Include="SceneManager.h" />
    <ClInclude Include="ScoreComponent.h" />
    <ClInclude Include="ScoreUI.h" />
    <ClInclude Include="Ship.h" />
    <ClInclude Include="ShipDropzone.h" />
    <ClInclude Include="ShipWall.h" />
    <ClInclude Include="Projectile.h" />
    <ClInclude Include="SoundFX.h" />
    <ClInclude Include="TransformComponent.h" />
    <ClInclude Include="SpriteComponent.h" />
    <ClInclude Include="TextureManager.h" />
    <ClInclude Include="UIManager.h" />
    <ClInclude Include="Vector2D.h" />
    <ClInclude Include="Wall.h" />
    <ClInclude Include="WinGame.h" />
    <ClInclude Include="EnemyManager.h" />
    <ClInclude Include="Pathfinder.h" />
    <ClInclude Include="OpenCLManager.h" />
  </ItemGroup>
</Project>